
Microsoft Visual Studio Solution File, Format Version 12.00
# Visual Studio Version 17
VisualStudioVersion = 17.3.32929.385
MinimumVisualStudioVersion = 10.0.40219.1
Project("{FAE04EC0-301F-11D3-BF4B-00C04F79EFBC}") = "CourseProject", "CourseProject.csproj", "{0DE3AE12-5612-4AEA-9837-F372FE91CA9B}"
EndProject
Global
	GlobalSection(SolutionConfigurationPlatforms) = preSolution
		Debug|Any CPU = Debug|Any CPU
		Release|Any CPU = Release|Any CPU
	EndGlobalSection
	GlobalSection(ProjectConfigurationPlatforms) = postSolution
		{0DE3AE12-5612-4AEA-9837-F372FE91CA9B}.Debug|Any CPU.ActiveCfg = Debug|Any CPU
		{0DE3AE12-5612-4AEA-9837-F372FE91CA9B}.Debug|Any CPU.Build.0 = Debug|Any CPU
		{0DE3AE12-5612-4AEA-9837-F372FE91CA9B}.Release|Any CPU.ActiveCfg = Release|Any CPU
		{0DE3AE12-5612-4AEA-9837-F372FE91CA9B}.Release|Any CPU.Build.0 = Release|Any CPU
	EndGlobalSection
	GlobalSection(SolutionProperties) = preSolution
		HideSolutionNode = FALSE
	EndGlobalSection
	GlobalSection(ExtensibilityGlobals) = postSolution
		SolutionGuid = {C885BADC-4D87-4813-9023-5FF1A77F92E6}
	EndGlobalSection
EndGlobal
